
Microsoft Visual Studio Solution File, Format Version 12.00
# Visual Studio 15
VisualStudioVersion = 15.0.27428.2011
MinimumVisualStudioVersion = 10.0.40219.1
Project("{2150E333-8FDC-42A3-9474-1A3956D46DE8}") = "src", "src", "{0E0DECA8-4BA9-437E-A80A-E3449AFC9870}"
EndProject
Project("{9A19103F-16F7-4668-BE54-9A1E7A4F7556}") = "MvcCoreBootstrap", "src\MvcCoreBootstrap\MvcCoreBootstrap.csproj", "{0737C5D1-C000-46C2-AF9F-A85EBBC48AAE}"
EndProject
Project("{9A19103F-16F7-4668-BE54-9A1E7A4F7556}") = "MvcCoreBootstrapButton", "src\MvcCoreBootstrapButton\MvcCoreBootstrapButton.csproj", "{2E9E9D1F-C5E6-4768-8A36-B58E2EBA460F}"
EndProject
Project("{9A19103F-16F7-4668-BE54-9A1E7A4F7556}") = "MvcCoreBootstrapListGroup", "src\MvcCoreBootstrapListGroup\MvcCoreBootstrapListGroup.csproj", "{4BB72161-B981-4514-A2FC-B19EE963859D}"
EndProject
Project("{9A19103F-16F7-4668-BE54-9A1E7A4F7556}") = "MvcCoreBootstrapCard", "src\MvcCoreBootstrapPanel\MvcCoreBootstrapCard.csproj", "{3D754F64-BC07-455F-BFAC-0CC3B82CE30A}"
EndProject
Project("{9A19103F-16F7-4668-BE54-9A1E7A4F7556}") = "MvcCoreBootstrapTable", "src\MvcCoreBootstrapTable\MvcCoreBootstrapTable.csproj", "{B62D6DE4-3456-4DD1-B924-B38BE3C690FB}"
EndProject
Project("{9A19103F-16F7-4668-BE54-9A1E7A4F7556}") = "MvcCoreBootstrapAlert", "src\MvcCoreBootstrapAlert\MvcCoreBootstrapAlert.csproj", "{45EAA001-0ABF-46DB-A193-3214D4F02C59}"
EndProject
Project("{9A19103F-16F7-4668-BE54-9A1E7A4F7556}") = "MvcCoreBootstrapForm", "src\MvcCoreBootstrapForm\MvcCoreBootstrapForm.csproj", "{47DB1008-3596-4AFE-B5F2-B4F8443CE5B3}"
EndProject
Project("{9A19103F-16F7-4668-BE54-9A1E7A4F7556}") = "MvcCoreBootstrapDemo", "..\MvcCoreBootstrapDemo\src\MvcCoreBootstrapDemo\MvcCoreBootstrapDemo.csproj", "{8F1FF273-130B-42FF-9C17-559A5DAFA124}"
EndProject
Project("{9A19103F-16F7-4668-BE54-9A1E7A4F7556}") = "MvcCoreBootstrapModal", "src\MvcCoreBootstrapModal\MvcCoreBootstrapModal.csproj", "{E8570D4F-1F0E-4886-AFE5-B1EE7486DEBE}"
EndProject
Global
	GlobalSection(SolutionConfigurationPlatforms) = preSolution
		Debug|Any CPU = Debug|Any CPU
		Release|Any CPU = Release|Any CPU
	EndGlobalSection
	GlobalSection(ProjectConfigurationPlatforms) = postSolution
		{0737C5D1-C000-46C2-AF9F-A85EBBC48AAE}.Debug|Any CPU.ActiveCfg = Debug|Any CPU
		{0737C5D1-C000-46C2-AF9F-A85EBBC48AAE}.Debug|Any CPU.Build.0 = Debug|Any CPU
		{0737C5D1-C000-46C2-AF9F-A85EBBC48AAE}.Release|Any CPU.ActiveCfg = Release|Any CPU
		{0737C5D1-C000-46C2-AF9F-A85EBBC48AAE}.Release|Any CPU.Build.0 = Release|Any CPU
		{2E9E9D1F-C5E6-4768-8A36-B58E2EBA460F}.Debug|Any CPU.ActiveCfg = Debug|Any CPU
		{2E9E9D1F-C5E6-4768-8A36-B58E2EBA460F}.Debug|Any CPU.Build.0 = Debug|Any CPU
		{2E9E9D1F-C5E6-4768-8A36-B58E2EBA460F}.Release|Any CPU.ActiveCfg = Release|Any CPU
		{2E9E9D1F-C5E6-4768-8A36-B58E2EBA460F}.Release|Any CPU.Build.0 = Release|Any CPU
		{4BB72161-B981-4514-A2FC-B19EE963859D}.Debug|Any CPU.ActiveCfg = Debug|Any CPU
		{4BB72161-B981-4514-A2FC-B19EE963859D}.Debug|Any CPU.Build.0 = Debug|Any CPU
		{4BB72161-B981-4514-A2FC-B19EE963859D}.Release|Any CPU.ActiveCfg = Release|Any CPU
		{4BB72161-B981-4514-A2FC-B19EE963859D}.Release|Any CPU.Build.0 = Release|Any CPU
		{3D754F64-BC07-455F-BFAC-0CC3B82CE30A}.Debug|Any CPU.ActiveCfg = Debug|Any CPU
		{3D754F64-BC07-455F-BFAC-0CC3B82CE30A}.Debug|Any CPU.Build.0 = Debug|Any CPU
		{3D754F64-BC07-455F-BFAC-0CC3B82CE30A}.Release|Any CPU.ActiveCfg = Release|Any CPU
		{3D754F64-BC07-455F-BFAC-0CC3B82CE30A}.Release|Any CPU.Build.0 = Release|Any CPU
		{B62D6DE4-3456-4DD1-B924-B38BE3C690FB}.Debug|Any CPU.ActiveCfg = Debug|Any CPU
		{B62D6DE4-3456-4DD1-B924-B38BE3C690FB}.Debug|Any CPU.Build.0 = Debug|Any CPU
		{B62D6DE4-3456-4DD1-B924-B38BE3C690FB}.Release|Any CPU.ActiveCfg = Release|Any CPU
		{B62D6DE4-3456-4DD1-B924-B38BE3C690FB}.Release|Any CPU.Build.0 = Release|Any CPU
		{45EAA001-0ABF-46DB-A193-3214D4F02C59}.Debug|Any CPU.ActiveCfg = Debug|Any CPU
		{45EAA001-0ABF-46DB-A193-3214D4F02C59}.Debug|Any CPU.Build.0 = Debug|Any CPU
		{45EAA001-0ABF-46DB-A193-3214D4F02C59}.Release|Any CPU.ActiveCfg = Release|Any CPU
		{45EAA001-0ABF-46DB-A193-3214D4F02C59}.Release|Any CPU.Build.0 = Release|Any CPU
		{47DB1008-3596-4AFE-B5F2-B4F8443CE5B3}.Debug|Any CPU.ActiveCfg = Debug|Any CPU
		{47DB1008-3596-4AFE-B5F2-B4F8443CE5B3}.Debug|Any CPU.Build.0 = Debug|Any CPU
		{47DB1008-3596-4AFE-B5F2-B4F8443CE5B3}.Release|Any CPU.ActiveCfg = Release|Any CPU
		{47DB1008-3596-4AFE-B5F2-B4F8443CE5B3}.Release|Any CPU.Build.0 = Release|Any CPU
		{8F1FF273-130B-42FF-9C17-559A5DAFA124}.Debug|Any CPU.ActiveCfg = Debug|Any CPU
		{8F1FF273-130B-42FF-9C17-559A5DAFA124}.Debug|Any CPU.Build.0 = Debug|Any CPU
		{8F1FF273-130B-42FF-9C17-559A5DAFA124}.Release|Any CPU.ActiveCfg = Release|Any CPU
		{8F1FF273-130B-42FF-9C17-559A5DAFA124}.Release|Any CPU.Build.0 = Release|Any CPU
		{E8570D4F-1F0E-4886-AFE5-B1EE7486DEBE}.Debug|Any CPU.ActiveCfg = Debug|Any CPU
		{E8570D4F-1F0E-4886-AFE5-B1EE7486DEBE}.Debug|Any CPU.Build.0 = Debug|Any CPU
		{E8570D4F-1F0E-4886-AFE5-B1EE7486DEBE}.Release|Any CPU.ActiveCfg = Release|Any CPU
		{E8570D4F-1F0E-4886-AFE5-B1EE7486DEBE}.Release|Any CPU.Build.0 = Release|Any CPU
	EndGlobalSection
	GlobalSection(SolutionProperties) = preSolution
		HideSolutionNode = FALSE
	EndGlobalSection
	GlobalSection(NestedProjects) = preSolution
		{0737C5D1-C000-46C2-AF9F-A85EBBC48AAE} = {0E0DECA8-4BA9-437E-A80A-E3449AFC9870}
		{2E9E9D1F-C5E6-4768-8A36-B58E2EBA460F} = {0E0DECA8-4BA9-437E-A80A-E3449AFC9870}
		{4BB72161-B981-4514-A2FC-B19EE963859D} = {0E0DECA8-4BA9-437E-A80A-E3449AFC9870}
		{3D754F64-BC07-455F-BFAC-0CC3B82CE30A} = {0E0DECA8-4BA9-437E-A80A-E3449AFC9870}
		{B62D6DE4-3456-4DD1-B924-B38BE3C690FB} = {0E0DECA8-4BA9-437E-A80A-E3449AFC9870}
		{45EAA001-0ABF-46DB-A193-3214D4F02C59} = {0E0DECA8-4BA9-437E-A80A-E3449AFC9870}
		{47DB1008-3596-4AFE-B5F2-B4F8443CE5B3} = {0E0DECA8-4BA9-437E-A80A-E3449AFC9870}
		{E8570D4F-1F0E-4886-AFE5-B1EE7486DEBE} = {0E0DECA8-4BA9-437E-A80A-E3449AFC9870}
	EndGlobalSection
	GlobalSection(ExtensibilityGlobals) = postSolution
		SolutionGuid = {F112628D-057F-4A90-907A-C84ED63DBCED}
	EndGlobalSection
EndGlobal
